
Microsoft Visual Studio Solution File, Format Version 12.00
# Visual Studio 15
VisualStudioVersion = 15.0.28010.2026
MinimumVisualStudioVersion = 10.0.40219.1
Project("{FAE04EC0-301F-11D3-BF4B-00C04F79EFBC}") = "testCookie", "testCookie\testCookie.csproj", "{9D34654E-DE1B-408A-AD45-7ED89F063759}"
EndProject
Global
	GlobalSection(SolutionConfigurationPlatforms) = preSolution
		Debug|Any CPU = Debug|Any CPU
		Release|Any CPU = Release|Any CPU
	EndGlobalSection
	GlobalSection(ProjectConfigurationPlatforms) = postSolution
		{9D34654E-DE1B-408A-AD45-7ED89F063759}.Debug|Any CPU.ActiveCfg = Debug|Any CPU
		{9D34654E-DE1B-408A-AD45-7ED89F063759}.Debug|Any CPU.Build.0 = Debug|Any CPU
		{9D34654E-DE1B-408A-AD45-7ED89F063759}.Release|Any CPU.ActiveCfg = Release|Any CPU
		{9D34654E-DE1B-408A-AD45-7ED89F063759}.Release|Any CPU.Build.0 = Release|Any CPU
	EndGlobalSection
	GlobalSection(SolutionProperties) = preSolution
		HideSolutionNode = FALSE
	EndGlobalSection
	GlobalSection(ExtensibilityGlobals) = postSolution
		SolutionGuid = {1066E27E-7E86-4B0A-9DCD-29E8AA150513}
	EndGlobalSection
EndGlobal
